{
  "name": "@pastash/output_influxdb",
  "version": "1.0.1",
  "lockfileVersion": 1,
  "requires": true,
  "dependencies": {
    "events": {
      "version": "2.1.0",
      "resolved": "https://registry.npmjs.org/events/-/events-2.1.0.tgz",
      "integrity": "sha512-3Zmiobend8P9DjmKAty0Era4jV8oJ0yGYe2nJJAxgymF9+N8F2m0hhZiMoWtcfepExzNKZumFU3ksdQbInGWCg=="
    },
    "metrics": {
      "version": "0.1.20",
      "resolved": "https://registry.npmjs.org/metrics/-/metrics-0.1.20.tgz",
      "integrity": "sha512-GVQLvEJ7JRP2oHGTYF458ex8p2qPWzZaLw47Uw7YP3RLGZVka5Jgd0xmzYPpZRd2/EmBEM7ZZhJoG0ltJ4IqCg==",
      "requires": {
        "events": "^2.0.0"
      }
    },
    "metrics-influxdb": {
      "version": "1.0.0",
      "resolved": "https://registry.npmjs.org/metrics-influxdb/-/metrics-influxdb-1.0.0.tgz",
      "integrity": "sha512-s8ZqoJ+FWKzhC+RQB0omywkQYxYHNxIsm3rMfs49xtLTzBbg7KOJZexwFo4oPQYudR9coSulXtV+14JF9xFlXw==",
      "requires": {
        "metrics": "^0.1.11"
      }
    }
  }
}
