{
  "name": "@pastash/output_matrix",
  "version": "1.0.1",
  "lockfileVersion": 2,
  "requires": true,
  "packages": {
    "": {
      "name": "@pastash/output_matrix",
      "version": "1.0.1",
      "license": "ISC",
      "dependencies": {
        "matrix-js-sdk": "^34.3.1",
        "olm": "https://packages.matrix.org/npm/olm/olm-3.1.4.tgz"
      }
    },
    "node_modules/@babel/runtime": {
      "version": "7.15.4",
      "resolved": "https://registry.npmjs.org/@babel/runtime/-/runtime-7.15.4.tgz",
      "integrity": "sha512-99catp6bHCaxr4sJ/DbTGgHS4+Rs2RVd2g7iOap6SLGPDknRK9ztKNsE/Fg6QhSeh1FGE5f6gHGQmvvn3I3xhw==",
      "dependencies": {
        "regenerator-runtime": "^0.13.4"
      },
      "engines": {
        "node": ">=6.9.0"
      }
    },
    "node_modules/@matrix-org/matrix-sdk-crypto-wasm": {
      "version": "7.0.0",
      "resolved": "https://registry.npmjs.org/@matrix-org/matrix-sdk-crypto-wasm/-/matrix-sdk-crypto-wasm-7.0.0.tgz",
      "integrity": "sha512-MOencXiW/gI5MuTtCNsuojjwT5DXCrjMqv9xOslJC9h2tPdLFFFMGr58dY5Lis4DRd9MRWcgrGowUIHOqieWTA==",
      "engines": {
        "node": ">= 10"
      }
    },
    "node_modules/@matrix-org/olm": {
      "version": "3.2.15",
      "resolved": "https://registry.npmjs.org/@matrix-org/olm/-/olm-3.2.15.tgz",
      "integrity": "sha512-S7lOrndAK9/8qOtaTq/WhttJC/o4GAzdfK0MUPpo8ApzsJEC0QjtwrkC3KBXdFP1cD1MXi/mlKR7aaoVMKgs6Q=="
    },
    "node_modules/@types/events": {
      "version": "3.0.3",
      "resolved": "https://registry.npmjs.org/@types/events/-/events-3.0.3.tgz",
      "integrity": "sha512-trOc4AAUThEz9hapPtSd7wf5tiQKvTtu5b371UxXdTuqzIh0ArcRspRP0i0Viu+LXstIQ1z96t1nsPxT9ol01g=="
    },
    "node_modules/@types/retry": {
      "version": "0.12.1",
      "resolved": "https://registry.npmjs.org/@types/retry/-/retry-0.12.1.tgz",
      "integrity": "sha512-xoDlM2S4ortawSWORYqsdU+2rxdh4LRW9ytc3zmT37RIKQh6IHyKwwtKhKis9ah8ol07DCkZxPt8BBvPjC6v4g=="
    },
    "node_modules/another-json": {
      "version": "0.2.0",
      "resolved": "https://registry.npmjs.org/another-json/-/another-json-0.2.0.tgz",
      "integrity": "sha1-tfQBnJc7bdXGUGotk0acttMq7tw="
    },
    "node_modules/base-x": {
      "version": "5.0.0",
      "resolved": "https://registry.npmjs.org/base-x/-/base-x-5.0.0.tgz",
      "integrity": "sha512-sMW3VGSX1QWVFA6l8U62MLKz29rRfpTlYdCqLdpLo1/Yd4zZwSbnUaDfciIAowAqvq7YFnWq9hrhdg1KYgc1lQ=="
    },
    "node_modules/bs58": {
      "version": "6.0.0",
      "resolved": "https://registry.npmjs.org/bs58/-/bs58-6.0.0.tgz",
      "integrity": "sha512-PD0wEnEYg6ijszw/u8s+iI3H17cTymlrwkKhDhPZq+Sokl3AU4htyBFTjAeNAlCCmg0f53g6ih3jATyCKftTfw==",
      "dependencies": {
        "base-x": "^5.0.0"
      }
    },
    "node_modules/content-type": {
      "version": "1.0.4",
      "resolved": "https://registry.npmjs.org/content-type/-/content-type-1.0.4.tgz",
      "integrity": "sha512-hIP3EEPs8tB9AT1L+NUqtwOAps4mk2Zob89MWXMHjHWg9milF/j4osnnQLXBCBFBk/tvIG/tUc9mOUJiPBhPXA==",
      "engines": {
        "node": ">= 0.6"
      }
    },
    "node_modules/events": {
      "version": "3.3.0",
      "resolved": "https://registry.npmjs.org/events/-/events-3.3.0.tgz",
      "integrity": "sha512-mQw+2fkQbALzQ7V0MY0IqdnXNOeTtP4r0lN9z7AAawCXgqea7bDii20AYrIBrFd/Hx0M2Ocz6S111CaFkUcb0Q==",
      "engines": {
        "node": ">=0.8.x"
      }
    },
    "node_modules/jwt-decode": {
      "version": "4.0.0",
      "resolved": "https://registry.npmjs.org/jwt-decode/-/jwt-decode-4.0.0.tgz",
      "integrity": "sha512-+KJGIyHgkGuIq3IEBNftfhW/LfWhXUIY6OmyVWjliu5KH1y0fw7VQ8YndE2O4qZdMSd9SqbnC8GOcZEy0Om7sA==",
      "engines": {
        "node": ">=18"
      }
    },
    "node_modules/loglevel": {
      "version": "1.7.1",
      "resolved": "https://registry.npmjs.org/loglevel/-/loglevel-1.7.1.tgz",
      "integrity": "sha512-Hesni4s5UkWkwCGJMQGAh71PaLUmKFM60dHvq0zi/vDhhrzuk+4GgNbTXJ12YYQJn6ZKBDNIjYcuQGKudvqrIw==",
      "engines": {
        "node": ">= 0.6.0"
      },
      "funding": {
        "type": "tidelift",
        "url": "https://tidelift.com/funding/github/npm/loglevel"
      }
    },
    "node_modules/matrix-events-sdk": {
      "version": "0.0.1",
      "resolved": "https://registry.npmjs.org/matrix-events-sdk/-/matrix-events-sdk-0.0.1.tgz",
      "integrity": "sha512-1QEOsXO+bhyCroIe2/A5OwaxHvBm7EsSQ46DEDn8RBIfQwN5HWBpFvyWWR4QY0KHPPnnJdI99wgRiAl7Ad5qaA=="
    },
    "node_modules/matrix-js-sdk": {
      "version": "34.3.1",
      "resolved": "https://registry.npmjs.org/matrix-js-sdk/-/matrix-js-sdk-34.3.1.tgz",
      "integrity": "sha512-EZ62XNVYRfwtFA9VAyIDw8IzaM3W3LauSAG+it1jROlJBzAtxiOU8BxPQ4IKFHDaKWEkas3gOtayfisiTOFYBQ==",
      "dependencies": {
        "@babel/runtime": "^7.12.5",
        "@matrix-org/matrix-sdk-crypto-wasm": "^7.0.0",
        "@matrix-org/olm": "3.2.15",
        "another-json": "^0.2.0",
        "bs58": "^6.0.0",
        "content-type": "^1.0.4",
        "jwt-decode": "^4.0.0",
        "loglevel": "^1.7.1",
        "matrix-events-sdk": "0.0.1",
        "matrix-widget-api": "^1.8.2",
        "oidc-client-ts": "^3.0.1",
        "p-retry": "4",
        "sdp-transform": "^2.14.1",
        "unhomoglyph": "^1.0.6",
        "uuid": "10"
      },
      "engines": {
        "node": ">=20.0.0"
      }
    },
    "node_modules/matrix-widget-api": {
      "version": "1.8.2",
      "resolved": "https://registry.npmjs.org/matrix-widget-api/-/matrix-widget-api-1.8.2.tgz",
      "integrity": "sha512-kdmks3CvFNPIYN669Y4rO13KrazDvX8KHC7i6jOzJs8uZ8s54FNkuRVVyiQHeVCSZG5ixUqW9UuCj9lf03qxTQ==",
      "dependencies": {
        "@types/events": "^3.0.0",
        "events": "^3.2.0"
      }
    },
    "node_modules/oidc-client-ts": {
      "version": "3.0.1",
      "resolved": "https://registry.npmjs.org/oidc-client-ts/-/oidc-client-ts-3.0.1.tgz",
      "integrity": "sha512-xX8unZNtmtw3sOz4FPSqDhkLFnxCDsdo2qhFEH2opgWnF/iXMFoYdBQzkwCxAZVgt3FT3DnuBY3k80EZHT0RYg==",
      "dependencies": {
        "jwt-decode": "^4.0.0"
      },
      "engines": {
        "node": ">=18"
      }
    },
    "node_modules/olm": {
      "version": "3.1.4",
      "resolved": "https://packages.matrix.org/npm/olm/olm-3.1.4.tgz",
      "integrity": "sha512-kumW7B+xWMdiGSU0BrECOd+9GnhvsnnHP6qTHGPIcHTL2F0m8sYlP08hkEpN7uX/TlnHCwqpkaZXPQ0GYtVe8A==",
      "license": "Apache-2.0"
    },
    "node_modules/p-retry": {
      "version": "4.6.1",
      "resolved": "https://registry.npmjs.org/p-retry/-/p-retry-4.6.1.tgz",
      "integrity": "sha512-e2xXGNhZOZ0lfgR9kL34iGlU8N/KO0xZnQxVEwdeOvpqNDQfdnxIYizvWtK8RglUa3bGqI8g0R/BdfzLMxRkiA==",
      "dependencies": {
        "@types/retry": "^0.12.0",
        "retry": "^0.13.1"
      },
      "engines": {
        "node": ">=8"
      }
    },
    "node_modules/regenerator-runtime": {
      "version": "0.13.9",
      "resolved": "https://registry.npmjs.org/regenerator-runtime/-/regenerator-runtime-0.13.9.tgz",
      "integrity": "sha512-p3VT+cOEgxFsRRA9X4lkI1E+k2/CtnKtU4gcxyaCUreilL/vqI6CdZ3wxVUx3UOUg+gnUOQQcRI7BmSI656MYA=="
    },
    "node_modules/retry": {
      "version": "0.13.1",
      "resolved": "https://registry.npmjs.org/retry/-/retry-0.13.1.tgz",
      "integrity": "sha512-XQBQ3I8W1Cge0Seh+6gjj03LbmRFWuoszgK9ooCpwYIrhhoO80pfq4cUkU5DkknwfOfFteRwlZ56PYOGYyFWdg==",
      "engines": {
        "node": ">= 4"
      }
    },
    "node_modules/sdp-transform": {
      "version": "2.14.2",
      "resolved": "https://registry.npmjs.org/sdp-transform/-/sdp-transform-2.14.2.tgz",
      "integrity": "sha512-icY6jVao7MfKCieyo1AyxFYm1baiM+fA00qW/KrNNVlkxHAd34riEKuEkUe4bBb3gJwLJZM+xT60Yj1QL8rHiA==",
      "bin": {
        "sdp-verify": "checker.js"
      }
    },
    "node_modules/unhomoglyph": {
      "version": "1.0.6",
      "resolved": "https://registry.npmjs.org/unhomoglyph/-/unhomoglyph-1.0.6.tgz",
      "integrity": "sha512-7uvcWI3hWshSADBu4JpnyYbTVc7YlhF5GDW/oPD5AxIxl34k4wXR3WDkPnzLxkN32LiTCTKMQLtKVZiwki3zGg=="
    },
    "node_modules/uuid": {
      "version": "10.0.0",
      "resolved": "https://registry.npmjs.org/uuid/-/uuid-10.0.0.tgz",
      "integrity": "sha512-8XkAphELsDnEGrDxUOHB3RGvXz6TeuYSGEZBOjtTtPm2lwhGBjLgOzLHB63IUWfBpNucQjND6d3AOudO+H3RWQ==",
      "funding": [
        "https://github.com/sponsors/broofa",
        "https://github.com/sponsors/ctavan"
      ],
      "bin": {
        "uuid": "dist/bin/uuid"
      }
    }
  },
  "dependencies": {
    "@babel/runtime": {
      "version": "7.15.4",
      "resolved": "https://registry.npmjs.org/@babel/runtime/-/runtime-7.15.4.tgz",
      "integrity": "sha512-99catp6bHCaxr4sJ/DbTGgHS4+Rs2RVd2g7iOap6SLGPDknRK9ztKNsE/Fg6QhSeh1FGE5f6gHGQmvvn3I3xhw==",
      "requires": {
        "regenerator-runtime": "^0.13.4"
      }
    },
    "@matrix-org/matrix-sdk-crypto-wasm": {
      "version": "7.0.0",
      "resolved": "https://registry.npmjs.org/@matrix-org/matrix-sdk-crypto-wasm/-/matrix-sdk-crypto-wasm-7.0.0.tgz",
      "integrity": "sha512-MOencXiW/gI5MuTtCNsuojjwT5DXCrjMqv9xOslJC9h2tPdLFFFMGr58dY5Lis4DRd9MRWcgrGowUIHOqieWTA=="
    },
    "@matrix-org/olm": {
      "version": "3.2.15",
      "resolved": "https://registry.npmjs.org/@matrix-org/olm/-/olm-3.2.15.tgz",
      "integrity": "sha512-S7lOrndAK9/8qOtaTq/WhttJC/o4GAzdfK0MUPpo8ApzsJEC0QjtwrkC3KBXdFP1cD1MXi/mlKR7aaoVMKgs6Q=="
    },
    "@types/events": {
      "version": "3.0.3",
      "resolved": "https://registry.npmjs.org/@types/events/-/events-3.0.3.tgz",
      "integrity": "sha512-trOc4AAUThEz9hapPtSd7wf5tiQKvTtu5b371UxXdTuqzIh0ArcRspRP0i0Viu+LXstIQ1z96t1nsPxT9ol01g=="
    },
    "@types/retry": {
      "version": "0.12.1",
      "resolved": "https://registry.npmjs.org/@types/retry/-/retry-0.12.1.tgz",
      "integrity": "sha512-xoDlM2S4ortawSWORYqsdU+2rxdh4LRW9ytc3zmT37RIKQh6IHyKwwtKhKis9ah8ol07DCkZxPt8BBvPjC6v4g=="
    },
    "another-json": {
      "version": "0.2.0",
      "resolved": "https://registry.npmjs.org/another-json/-/another-json-0.2.0.tgz",
      "integrity": "sha1-tfQBnJc7bdXGUGotk0acttMq7tw="
    },
    "base-x": {
      "version": "5.0.0",
      "resolved": "https://registry.npmjs.org/base-x/-/base-x-5.0.0.tgz",
      "integrity": "sha512-sMW3VGSX1QWVFA6l8U62MLKz29rRfpTlYdCqLdpLo1/Yd4zZwSbnUaDfciIAowAqvq7YFnWq9hrhdg1KYgc1lQ=="
    },
    "bs58": {
      "version": "6.0.0",
      "resolved": "https://registry.npmjs.org/bs58/-/bs58-6.0.0.tgz",
      "integrity": "sha512-PD0wEnEYg6ijszw/u8s+iI3H17cTymlrwkKhDhPZq+Sokl3AU4htyBFTjAeNAlCCmg0f53g6ih3jATyCKftTfw==",
      "requires": {
        "base-x": "^5.0.0"
      }
    },
    "content-type": {
      "version": "1.0.4",
      "resolved": "https://registry.npmjs.org/content-type/-/content-type-1.0.4.tgz",
      "integrity": "sha512-hIP3EEPs8tB9AT1L+NUqtwOAps4mk2Zob89MWXMHjHWg9milF/j4osnnQLXBCBFBk/tvIG/tUc9mOUJiPBhPXA=="
    },
    "events": {
      "version": "3.3.0",
      "resolved": "https://registry.npmjs.org/events/-/events-3.3.0.tgz",
      "integrity": "sha512-mQw+2fkQbALzQ7V0MY0IqdnXNOeTtP4r0lN9z7AAawCXgqea7bDii20AYrIBrFd/Hx0M2Ocz6S111CaFkUcb0Q=="
    },
    "jwt-decode": {
      "version": "4.0.0",
      "resolved": "https://registry.npmjs.org/jwt-decode/-/jwt-decode-4.0.0.tgz",
      "integrity": "sha512-+KJGIyHgkGuIq3IEBNftfhW/LfWhXUIY6OmyVWjliu5KH1y0fw7VQ8YndE2O4qZdMSd9SqbnC8GOcZEy0Om7sA=="
    },
    "loglevel": {
      "version": "1.7.1",
      "resolved": "https://registry.npmjs.org/loglevel/-/loglevel-1.7.1.tgz",
      "integrity": "sha512-Hesni4s5UkWkwCGJMQGAh71PaLUmKFM60dHvq0zi/vDhhrzuk+4GgNbTXJ12YYQJn6ZKBDNIjYcuQGKudvqrIw=="
    },
    "matrix-events-sdk": {
      "version": "0.0.1",
      "resolved": "https://registry.npmjs.org/matrix-events-sdk/-/matrix-events-sdk-0.0.1.tgz",
      "integrity": "sha512-1QEOsXO+bhyCroIe2/A5OwaxHvBm7EsSQ46DEDn8RBIfQwN5HWBpFvyWWR4QY0KHPPnnJdI99wgRiAl7Ad5qaA=="
    },
    "matrix-js-sdk": {
      "version": "34.3.1",
      "resolved": "https://registry.npmjs.org/matrix-js-sdk/-/matrix-js-sdk-34.3.1.tgz",
      "integrity": "sha512-EZ62XNVYRfwtFA9VAyIDw8IzaM3W3LauSAG+it1jROlJBzAtxiOU8BxPQ4IKFHDaKWEkas3gOtayfisiTOFYBQ==",
      "requires": {
        "@babel/runtime": "^7.12.5",
        "@matrix-org/matrix-sdk-crypto-wasm": "^7.0.0",
        "@matrix-org/olm": "3.2.15",
        "another-json": "^0.2.0",
        "bs58": "^6.0.0",
        "content-type": "^1.0.4",
        "jwt-decode": "^4.0.0",
        "loglevel": "^1.7.1",
        "matrix-events-sdk": "0.0.1",
        "matrix-widget-api": "^1.8.2",
        "oidc-client-ts": "^3.0.1",
        "p-retry": "4",
        "sdp-transform": "^2.14.1",
        "unhomoglyph": "^1.0.6",
        "uuid": "10"
      }
    },
    "matrix-widget-api": {
      "version": "1.8.2",
      "resolved": "https://registry.npmjs.org/matrix-widget-api/-/matrix-widget-api-1.8.2.tgz",
      "integrity": "sha512-kdmks3CvFNPIYN669Y4rO13KrazDvX8KHC7i6jOzJs8uZ8s54FNkuRVVyiQHeVCSZG5ixUqW9UuCj9lf03qxTQ==",
      "requires": {
        "@types/events": "^3.0.0",
        "events": "^3.2.0"
      }
    },
    "oidc-client-ts": {
      "version": "3.0.1",
      "resolved": "https://registry.npmjs.org/oidc-client-ts/-/oidc-client-ts-3.0.1.tgz",
      "integrity": "sha512-xX8unZNtmtw3sOz4FPSqDhkLFnxCDsdo2qhFEH2opgWnF/iXMFoYdBQzkwCxAZVgt3FT3DnuBY3k80EZHT0RYg==",
      "requires": {
        "jwt-decode": "^4.0.0"
      }
    },
    "olm": {
      "version": "https://packages.matrix.org/npm/olm/olm-3.1.4.tgz",
      "integrity": "sha512-kumW7B+xWMdiGSU0BrECOd+9GnhvsnnHP6qTHGPIcHTL2F0m8sYlP08hkEpN7uX/TlnHCwqpkaZXPQ0GYtVe8A=="
    },
    "p-retry": {
      "version": "4.6.1",
      "resolved": "https://registry.npmjs.org/p-retry/-/p-retry-4.6.1.tgz",
      "integrity": "sha512-e2xXGNhZOZ0lfgR9kL34iGlU8N/KO0xZnQxVEwdeOvpqNDQfdnxIYizvWtK8RglUa3bGqI8g0R/BdfzLMxRkiA==",
      "requires": {
        "@types/retry": "^0.12.0",
        "retry": "^0.13.1"
      }
    },
    "regenerator-runtime": {
      "version": "0.13.9",
      "resolved": "https://registry.npmjs.org/regenerator-runtime/-/regenerator-runtime-0.13.9.tgz",
      "integrity": "sha512-p3VT+cOEgxFsRRA9X4lkI1E+k2/CtnKtU4gcxyaCUreilL/vqI6CdZ3wxVUx3UOUg+gnUOQQcRI7BmSI656MYA=="
    },
    "retry": {
      "version": "0.13.1",
      "resolved": "https://registry.npmjs.org/retry/-/retry-0.13.1.tgz",
      "integrity": "sha512-XQBQ3I8W1Cge0Seh+6gjj03LbmRFWuoszgK9ooCpwYIrhhoO80pfq4cUkU5DkknwfOfFteRwlZ56PYOGYyFWdg=="
    },
    "sdp-transform": {
      "version": "2.14.2",
      "resolved": "https://registry.npmjs.org/sdp-transform/-/sdp-transform-2.14.2.tgz",
      "integrity": "sha512-icY6jVao7MfKCieyo1AyxFYm1baiM+fA00qW/KrNNVlkxHAd34riEKuEkUe4bBb3gJwLJZM+xT60Yj1QL8rHiA=="
    },
    "unhomoglyph": {
      "version": "1.0.6",
      "resolved": "https://registry.npmjs.org/unhomoglyph/-/unhomoglyph-1.0.6.tgz",
      "integrity": "sha512-7uvcWI3hWshSADBu4JpnyYbTVc7YlhF5GDW/oPD5AxIxl34k4wXR3WDkPnzLxkN32LiTCTKMQLtKVZiwki3zGg=="
    },
    "uuid": {
      "version": "10.0.0",
      "resolved": "https://registry.npmjs.org/uuid/-/uuid-10.0.0.tgz",
      "integrity": "sha512-8XkAphELsDnEGrDxUOHB3RGvXz6TeuYSGEZBOjtTtPm2lwhGBjLgOzLHB63IUWfBpNucQjND6d3AOudO+H3RWQ=="
    }
  }
}
