{
  "name": "@pastash/filter_app_janus_tracer",
  "version": "1.1.1",
  "lockfileVersion": 2,
  "requires": true,
  "packages": {
    "": {
      "name": "@pastash/filter_app_janus_tracer",
      "version": "1.1.1",
      "license": "ISC",
      "dependencies": {
        "@opentelemetry/exporter-prometheus": "^0.28.0",
        "@opentelemetry/sdk-metrics-base": "^0.28.0",
        "cross-fetch": "^3.1.5",
        "kafkajs": "^2.1.0",
        "quick-lru": "^5.1.0",
        "record-cache": "^1.2.0"
      }
    },
    "node_modules/@opentelemetry/api": {
      "version": "1.1.0",
      "resolved": "https://registry.npmjs.org/@opentelemetry/api/-/api-1.1.0.tgz",
      "integrity": "sha512-hf+3bwuBwtXsugA2ULBc95qxrOqP2pOekLz34BJhcAKawt94vfeNyUKpYc0lZQ/3sCP6LqRa7UAdHA7i5UODzQ==",
      "engines": {
        "node": ">=8.0.0"
      }
    },
    "node_modules/@opentelemetry/api-metrics": {
      "version": "0.28.0",
      "resolved": "https://registry.npmjs.org/@opentelemetry/api-metrics/-/api-metrics-0.28.0.tgz",
      "integrity": "sha512-UcrJqEiV20YTibYXUT0TDBtl4uLh4tMpAYSa1g1780QrVMlsOMAnBrdD3EYTMPog14Zw+2QzPnDJ4X7q67YrSA==",
      "dependencies": {
        "@opentelemetry/api": "^1.0.0"
      },
      "engines": {
        "node": ">=8.12.0"
      }
    },
    "node_modules/@opentelemetry/core": {
      "version": "1.2.0",
      "resolved": "https://registry.npmjs.org/@opentelemetry/core/-/core-1.2.0.tgz",
      "integrity": "sha512-QiKp8fBbT9ZhRTP+ZVVMyqH62tD/ZQa4gWPi+GnpNetvK1SWPO/8DmRpaSXHwAhu5FWUDJrbFgpLsrDd1zGPOw==",
      "dependencies": {
        "@opentelemetry/semantic-conventions": "1.2.0"
      },
      "engines": {
        "node": ">=8.12.0"
      },
      "peerDependencies": {
        "@opentelemetry/api": ">=1.0.0 <1.2.0"
      }
    },
    "node_modules/@opentelemetry/exporter-prometheus": {
      "version": "0.28.0",
      "resolved": "https://registry.npmjs.org/@opentelemetry/exporter-prometheus/-/exporter-prometheus-0.28.0.tgz",
      "integrity": "sha512-1PpJk0xFwVIRXb1vUEDWb+cV2Z8m/5YkZ+zL3+u58iZBiNn5t5VMHQ7iNPE+sV6Hr2BG8X7PtNzIIuJQKXrqsw==",
      "dependencies": {
        "@opentelemetry/api-metrics": "0.28.0",
        "@opentelemetry/core": "1.2.0",
        "@opentelemetry/sdk-metrics-base": "0.28.0"
      },
      "engines": {
        "node": ">=8.12.0"
      },
      "peerDependencies": {
        "@opentelemetry/api": "^1.0.0"
      }
    },
    "node_modules/@opentelemetry/resources": {
      "version": "1.2.0",
      "resolved": "https://registry.npmjs.org/@opentelemetry/resources/-/resources-1.2.0.tgz",
      "integrity": "sha512-S5ZlZa2JF+1qhiF7eb3tTtDfKmTODO//pvam9vEyZvr+/At45rIQ7cyznRdMWCppZbholwXWXnrKml29IIG9vQ==",
      "dependencies": {
        "@opentelemetry/core": "1.2.0",
        "@opentelemetry/semantic-conventions": "1.2.0"
      },
      "engines": {
        "node": ">=8.12.0"
      },
      "peerDependencies": {
        "@opentelemetry/api": ">=1.0.0 <1.2.0"
      }
    },
    "node_modules/@opentelemetry/sdk-metrics-base": {
      "version": "0.28.0",
      "resolved": "https://registry.npmjs.org/@opentelemetry/sdk-metrics-base/-/sdk-metrics-base-0.28.0.tgz",
      "integrity": "sha512-PFjk9+WWU6Y51ZjxClnPW1rzTtcT79pR1FTiFjTsNmKSG0zU3qvUHAoTo0+jvvrO0Djihj7AE+iIG2xLWY4GNQ==",
      "dependencies": {
        "@opentelemetry/api-metrics": "0.28.0",
        "@opentelemetry/core": "1.2.0",
        "@opentelemetry/resources": "1.2.0",
        "lodash.merge": "4.6.2"
      },
      "engines": {
        "node": ">=8.12.0"
      },
      "peerDependencies": {
        "@opentelemetry/api": "^1.0.0"
      }
    },
    "node_modules/@opentelemetry/semantic-conventions": {
      "version": "1.2.0",
      "resolved": "https://registry.npmjs.org/@opentelemetry/semantic-conventions/-/semantic-conventions-1.2.0.tgz",
      "integrity": "sha512-BNKB9fiYVghALJzCuWO3eNYfdTExPVK4ykrtmfNfy0A6UWYhOYjGMXifUmkunDJNL8ju9tBobo8jF0WR9zGy1Q==",
      "engines": {
        "node": ">=8.12.0"
      }
    },
    "node_modules/b4a": {
      "version": "1.5.0",
      "resolved": "https://registry.npmjs.org/b4a/-/b4a-1.5.0.tgz",
      "integrity": "sha512-J20PbRmSy38jW9TmqGEwd8xINUCuOm2I2bPQ1sK8LWLxKTbhPh0H48DJ27ff2qmSXvI30WYV0tKzSmGb+oCsXg=="
    },
    "node_modules/cross-fetch": {
      "version": "3.1.5",
      "resolved": "https://registry.npmjs.org/cross-fetch/-/cross-fetch-3.1.5.tgz",
      "integrity": "sha512-lvb1SBsI0Z7GDwmuid+mU3kWVBwTVUbe7S0H52yaaAdQOXq2YktTCZdlAcNKFzE6QtRz0snpw9bNiPeOIkkQvw==",
      "dependencies": {
        "node-fetch": "2.6.7"
      }
    },
    "node_modules/cross-fetch/node_modules/node-fetch": {
      "version": "2.6.7",
      "resolved": "https://registry.npmjs.org/node-fetch/-/node-fetch-2.6.7.tgz",
      "integrity": "sha512-ZjMPFEfVx5j+y2yF35Kzx5sF7kDzxuDj6ziH4FFbOp87zKDZNx8yExJIb05OGF4Nlt9IHFIMBkRl41VdvcNdbQ==",
      "dependencies": {
        "whatwg-url": "^5.0.0"
      },
      "engines": {
        "node": "4.x || >=6.0.0"
      },
      "peerDependencies": {
        "encoding": "^0.1.0"
      },
      "peerDependenciesMeta": {
        "encoding": {
          "optional": true
        }
      }
    },
    "node_modules/kafkajs": {
      "version": "2.1.0",
      "resolved": "https://registry.npmjs.org/kafkajs/-/kafkajs-2.1.0.tgz",
      "integrity": "sha512-6IYiOdGWvFPbSbVB+AV3feT+A7vzw5sXm7Ze4QTfP7FRNdY8pGcpiNPvD2lfgYFD8Dm9KbMgBgTt2mf8KaIkzw==",
      "engines": {
        "node": ">=14.0.0"
      }
    },
    "node_modules/lodash.merge": {
      "version": "4.6.2",
      "resolved": "https://registry.npmjs.org/lodash.merge/-/lodash.merge-4.6.2.tgz",
      "integrity": "sha512-0KpjqXRVvrYyCsX1swR/XTK0va6VQkQM6MNo7PqW77ByjAhoARA8EfrP1N4+KlKj8YS0ZUCtRT/YUuhyYDujIQ=="
    },
    "node_modules/quick-lru": {
      "version": "5.1.1",
      "resolved": "https://registry.npmjs.org/quick-lru/-/quick-lru-5.1.1.tgz",
      "integrity": "sha512-WuyALRjWPDGtt/wzJiadO5AXY+8hZ80hVpe6MyivgraREW751X3SbhRvG3eLKOYN+8VEvqLcf3wdnt44Z4S4SA==",
      "engines": {
        "node": ">=10"
      },
      "funding": {
        "url": "https://github.com/sponsors/sindresorhus"
      }
    },
    "node_modules/record-cache": {
      "version": "1.2.0",
      "resolved": "https://registry.npmjs.org/record-cache/-/record-cache-1.2.0.tgz",
      "integrity": "sha512-kyy3HWCez2WrotaL3O4fTn0rsIdfRKOdQQcEJ9KpvmKmbffKVvwsloX063EgRUlpJIXHiDQFhJcTbZequ2uTZw==",
      "dependencies": {
        "b4a": "^1.3.1"
      }
    },
    "node_modules/tr46": {
      "version": "0.0.3",
      "resolved": "https://registry.npmjs.org/tr46/-/tr46-0.0.3.tgz",
      "integrity": "sha1-gYT9NH2snNwYWZLzpmIuFLnZq2o="
    },
    "node_modules/webidl-conversions": {
      "version": "3.0.1",
      "resolved": "https://registry.npmjs.org/webidl-conversions/-/webidl-conversions-3.0.1.tgz",
      "integrity": "sha1-JFNCdeKnvGvnvIZhHMFq4KVlSHE="
    },
    "node_modules/whatwg-url": {
      "version": "5.0.0",
      "resolved": "https://registry.npmjs.org/whatwg-url/-/whatwg-url-5.0.0.tgz",
      "integrity": "sha1-lmRU6HZUYuN2RNNib2dCzotwll0=",
      "dependencies": {
        "tr46": "~0.0.3",
        "webidl-conversions": "^3.0.0"
      }
    }
  },
  "dependencies": {
    "@opentelemetry/api": {
      "version": "1.1.0",
      "resolved": "https://registry.npmjs.org/@opentelemetry/api/-/api-1.1.0.tgz",
      "integrity": "sha512-hf+3bwuBwtXsugA2ULBc95qxrOqP2pOekLz34BJhcAKawt94vfeNyUKpYc0lZQ/3sCP6LqRa7UAdHA7i5UODzQ=="
    },
    "@opentelemetry/api-metrics": {
      "version": "0.28.0",
      "resolved": "https://registry.npmjs.org/@opentelemetry/api-metrics/-/api-metrics-0.28.0.tgz",
      "integrity": "sha512-UcrJqEiV20YTibYXUT0TDBtl4uLh4tMpAYSa1g1780QrVMlsOMAnBrdD3EYTMPog14Zw+2QzPnDJ4X7q67YrSA==",
      "requires": {
        "@opentelemetry/api": "^1.0.0"
      }
    },
    "@opentelemetry/core": {
      "version": "1.2.0",
      "resolved": "https://registry.npmjs.org/@opentelemetry/core/-/core-1.2.0.tgz",
      "integrity": "sha512-QiKp8fBbT9ZhRTP+ZVVMyqH62tD/ZQa4gWPi+GnpNetvK1SWPO/8DmRpaSXHwAhu5FWUDJrbFgpLsrDd1zGPOw==",
      "requires": {
        "@opentelemetry/semantic-conventions": "1.2.0"
      }
    },
    "@opentelemetry/exporter-prometheus": {
      "version": "0.28.0",
      "resolved": "https://registry.npmjs.org/@opentelemetry/exporter-prometheus/-/exporter-prometheus-0.28.0.tgz",
      "integrity": "sha512-1PpJk0xFwVIRXb1vUEDWb+cV2Z8m/5YkZ+zL3+u58iZBiNn5t5VMHQ7iNPE+sV6Hr2BG8X7PtNzIIuJQKXrqsw==",
      "requires": {
        "@opentelemetry/api-metrics": "0.28.0",
        "@opentelemetry/core": "1.2.0",
        "@opentelemetry/sdk-metrics-base": "0.28.0"
      }
    },
    "@opentelemetry/resources": {
      "version": "1.2.0",
      "resolved": "https://registry.npmjs.org/@opentelemetry/resources/-/resources-1.2.0.tgz",
      "integrity": "sha512-S5ZlZa2JF+1qhiF7eb3tTtDfKmTODO//pvam9vEyZvr+/At45rIQ7cyznRdMWCppZbholwXWXnrKml29IIG9vQ==",
      "requires": {
        "@opentelemetry/core": "1.2.0",
        "@opentelemetry/semantic-conventions": "1.2.0"
      }
    },
    "@opentelemetry/sdk-metrics-base": {
      "version": "0.28.0",
      "resolved": "https://registry.npmjs.org/@opentelemetry/sdk-metrics-base/-/sdk-metrics-base-0.28.0.tgz",
      "integrity": "sha512-PFjk9+WWU6Y51ZjxClnPW1rzTtcT79pR1FTiFjTsNmKSG0zU3qvUHAoTo0+jvvrO0Djihj7AE+iIG2xLWY4GNQ==",
      "requires": {
        "@opentelemetry/api-metrics": "0.28.0",
        "@opentelemetry/core": "1.2.0",
        "@opentelemetry/resources": "1.2.0",
        "lodash.merge": "4.6.2"
      }
    },
    "@opentelemetry/semantic-conventions": {
      "version": "1.2.0",
      "resolved": "https://registry.npmjs.org/@opentelemetry/semantic-conventions/-/semantic-conventions-1.2.0.tgz",
      "integrity": "sha512-BNKB9fiYVghALJzCuWO3eNYfdTExPVK4ykrtmfNfy0A6UWYhOYjGMXifUmkunDJNL8ju9tBobo8jF0WR9zGy1Q=="
    },
    "b4a": {
      "version": "1.5.0",
      "resolved": "https://registry.npmjs.org/b4a/-/b4a-1.5.0.tgz",
      "integrity": "sha512-J20PbRmSy38jW9TmqGEwd8xINUCuOm2I2bPQ1sK8LWLxKTbhPh0H48DJ27ff2qmSXvI30WYV0tKzSmGb+oCsXg=="
    },
    "cross-fetch": {
      "version": "3.1.5",
      "resolved": "https://registry.npmjs.org/cross-fetch/-/cross-fetch-3.1.5.tgz",
      "integrity": "sha512-lvb1SBsI0Z7GDwmuid+mU3kWVBwTVUbe7S0H52yaaAdQOXq2YktTCZdlAcNKFzE6QtRz0snpw9bNiPeOIkkQvw==",
      "requires": {
        "node-fetch": "2.6.7"
      },
      "dependencies": {
        "node-fetch": {
          "version": "2.6.7",
          "resolved": "https://registry.npmjs.org/node-fetch/-/node-fetch-2.6.7.tgz",
          "integrity": "sha512-ZjMPFEfVx5j+y2yF35Kzx5sF7kDzxuDj6ziH4FFbOp87zKDZNx8yExJIb05OGF4Nlt9IHFIMBkRl41VdvcNdbQ==",
          "requires": {
            "whatwg-url": "^5.0.0"
          }
        }
      }
    },
    "kafkajs": {
      "version": "2.1.0",
      "resolved": "https://registry.npmjs.org/kafkajs/-/kafkajs-2.1.0.tgz",
      "integrity": "sha512-6IYiOdGWvFPbSbVB+AV3feT+A7vzw5sXm7Ze4QTfP7FRNdY8pGcpiNPvD2lfgYFD8Dm9KbMgBgTt2mf8KaIkzw=="
    },
    "lodash.merge": {
      "version": "4.6.2",
      "resolved": "https://registry.npmjs.org/lodash.merge/-/lodash.merge-4.6.2.tgz",
      "integrity": "sha512-0KpjqXRVvrYyCsX1swR/XTK0va6VQkQM6MNo7PqW77ByjAhoARA8EfrP1N4+KlKj8YS0ZUCtRT/YUuhyYDujIQ=="
    },
    "quick-lru": {
      "version": "5.1.1",
      "resolved": "https://registry.npmjs.org/quick-lru/-/quick-lru-5.1.1.tgz",
      "integrity": "sha512-WuyALRjWPDGtt/wzJiadO5AXY+8hZ80hVpe6MyivgraREW751X3SbhRvG3eLKOYN+8VEvqLcf3wdnt44Z4S4SA=="
    },
    "record-cache": {
      "version": "1.2.0",
      "resolved": "https://registry.npmjs.org/record-cache/-/record-cache-1.2.0.tgz",
      "integrity": "sha512-kyy3HWCez2WrotaL3O4fTn0rsIdfRKOdQQcEJ9KpvmKmbffKVvwsloX063EgRUlpJIXHiDQFhJcTbZequ2uTZw==",
      "requires": {
        "b4a": "^1.3.1"
      }
    },
    "tr46": {
      "version": "0.0.3",
      "resolved": "https://registry.npmjs.org/tr46/-/tr46-0.0.3.tgz",
      "integrity": "sha1-gYT9NH2snNwYWZLzpmIuFLnZq2o="
    },
    "webidl-conversions": {
      "version": "3.0.1",
      "resolved": "https://registry.npmjs.org/webidl-conversions/-/webidl-conversions-3.0.1.tgz",
      "integrity": "sha1-JFNCdeKnvGvnvIZhHMFq4KVlSHE="
    },
    "whatwg-url": {
      "version": "5.0.0",
      "resolved": "https://registry.npmjs.org/whatwg-url/-/whatwg-url-5.0.0.tgz",
      "integrity": "sha1-lmRU6HZUYuN2RNNib2dCzotwll0=",
      "requires": {
        "tr46": "~0.0.3",
        "webidl-conversions": "^3.0.0"
      }
    }
  }
}
