{
  "name": "@pastash/filter_rfc3339",
  "version": "1.0.1",
  "lockfileVersion": 2,
  "requires": true,
  "packages": {
    "": {
      "name": "@pastash/filter_rfc3339",
      "version": "1.0.1",
      "license": "ISC",
      "dependencies": {
        "@qxip/chrono-parse-rfc3339": "^0.1.2"
      }
    },
    "node_modules/@qxip/chrono-parse-rfc3339": {
      "version": "0.1.2"
    }
  },
  "dependencies": {
    "@qxip/chrono-parse-rfc3339": {
      "version": "0.1.2"
    }
  }
}
